
Microsoft Visual Studio Solution File, Format Version 12.00
# Blend for Visual Studio Version 17
VisualStudioVersion = 17.12.35527.113
MinimumVisualStudioVersion = 10.0.40219.1
Project("{FAE04EC0-301F-11D3-BF4B-00C04F79EFBC}") = "Ollama GUI Front End", "Ollama GUI Front End\Ollama GUI Front End.csproj", "{0E64074F-31A8-4EB2-946B-115E7230DC92}"
EndProject
Global
	GlobalSection(SolutionConfigurationPlatforms) = preSolution
		Debug|Any CPU = Debug|Any CPU
		Release|Any CPU = Release|Any CPU
	EndGlobalSection
	GlobalSection(ProjectConfigurationPlatforms) = postSolution
		{0E64074F-31A8-4EB2-946B-115E7230DC92}.Debug|Any CPU.ActiveCfg = Debug|Any CPU
		{0E64074F-31A8-4EB2-946B-115E7230DC92}.Debug|Any CPU.Build.0 = Debug|Any CPU
		{0E64074F-31A8-4EB2-946B-115E7230DC92}.Release|Any CPU.ActiveCfg = Release|Any CPU
		{0E64074F-31A8-4EB2-946B-115E7230DC92}.Release|Any CPU.Build.0 = Release|Any CPU
	EndGlobalSection
	GlobalSection(SolutionProperties) = preSolution
		HideSolutionNode = FALSE
	EndGlobalSection
EndGlobal
